{
  "name": "groth16-solana",
  "version": "1.0.0",
  "lockfileVersion": 3,
  "requires": true,
  "packages": {
    "": {
      "name": "groth16-solana",
      "version": "1.0.0",
      "dependencies": {
        "ffjavascript": "^0.2.48"
      }
    },
    "node_modules/ffjavascript": {
      "version": "0.2.57",
      "resolved": "https://registry.npmjs.org/ffjavascript/-/ffjavascript-0.2.57.tgz",
      "integrity": "sha512-V+vxZ/zPNcthrWmqfe/1YGgqdkTamJeXiED0tsk7B84g40DKlrTdx47IqZuiygqAVG6zMw4qYuvXftIJWsmfKQ==",
      "dependencies": {
        "wasmbuilder": "0.0.16",
        "wasmcurves": "0.2.0",
        "web-worker": "^1.2.0"
      }
    },
    "node_modules/wasmbuilder": {
      "version": "0.0.16",
      "resolved": "https://registry.npmjs.org/wasmbuilder/-/wasmbuilder-0.0.16.tgz",
      "integrity": "sha512-Qx3lEFqaVvp1cEYW7Bfi+ebRJrOiwz2Ieu7ZG2l7YyeSJIok/reEQCQCuicj/Y32ITIJuGIM9xZQppGx5LrQdA=="
    },
    "node_modules/wasmcurves": {
      "version": "0.2.0",
      "resolved": "https://registry.npmjs.org/wasmcurves/-/wasmcurves-0.2.0.tgz",
      "integrity": "sha512-3e2rbxdujOwaod657gxgmdhZNn+i1qKdHO3Y/bK+8E7bV8ttV/fu5FO4/WLBACF375cK0QDLOP+65Na63qYuWA==",
      "dependencies": {
        "wasmbuilder": "0.0.16"
      }
    },
    "node_modules/web-worker": {
      "version": "1.2.0",
      "resolved": "https://registry.npmjs.org/web-worker/-/web-worker-1.2.0.tgz",
      "integrity": "sha512-PgF341avzqyx60neE9DD+XS26MMNMoUQRz9NOZwW32nPQrF6p77f1htcnjBSEV8BGMKZ16choqUG4hyI0Hx7mA=="
    }
  }
}
