{
  "name": "groth16-solana",
  "version": "1.0.0",
  "lockfileVersion": 3,
  "requires": true,
  "packages": {
    "": {
      "name": "groth16-solana",
      "version": "1.0.0",
      "dependencies": {
        "ffjavascript": "^0.2.63"
      }
    },
    "node_modules/ffjavascript": {
      "version": "0.2.63",
      "resolved": "https://registry.npmjs.org/ffjavascript/-/ffjavascript-0.2.63.tgz",
      "integrity": "sha512-dBgdsfGks58b66JnUZeZpGxdMIDQ4QsD3VYlRJyFVrKQHb2kJy4R2gufx5oetrTxXPT+aEjg0dOvOLg1N0on4A==",
      "license": "GPL-3.0",
      "dependencies": {
        "wasmbuilder": "0.0.16",
        "wasmcurves": "0.2.2",
        "web-worker": "1.2.0"
      }
    },
    "node_modules/wasmbuilder": {
      "version": "0.0.16",
      "resolved": "https://registry.npmjs.org/wasmbuilder/-/wasmbuilder-0.0.16.tgz",
      "integrity": "sha512-Qx3lEFqaVvp1cEYW7Bfi+ebRJrOiwz2Ieu7ZG2l7YyeSJIok/reEQCQCuicj/Y32ITIJuGIM9xZQppGx5LrQdA==",
      "license": "GPL-3.0"
    },
    "node_modules/wasmcurves": {
      "version": "0.2.2",
      "resolved": "https://registry.npmjs.org/wasmcurves/-/wasmcurves-0.2.2.tgz",
      "integrity": "sha512-JRY908NkmKjFl4ytnTu5ED6AwPD+8VJ9oc94kdq7h5bIwbj0L4TDJ69mG+2aLs2SoCmGfqIesMWTEJjtYsoQXQ==",
      "license": "GPL-3.0",
      "dependencies": {
        "wasmbuilder": "0.0.16"
      }
    },
    "node_modules/web-worker": {
      "version": "1.2.0",
      "resolved": "https://registry.npmjs.org/web-worker/-/web-worker-1.2.0.tgz",
      "integrity": "sha512-PgF341avzqyx60neE9DD+XS26MMNMoUQRz9NOZwW32nPQrF6p77f1htcnjBSEV8BGMKZ16choqUG4hyI0Hx7mA=="
    }
  }
}
